
Microsoft Visual Studio Solution File, Format Version 12.00
# Visual Studio 2012
Project("{FAE04EC0-301F-11D3-BF4B-00C04F79EFBC}") = "SquarespaceToWordpress", "SquarespaceToWordpress\SquarespaceToWordpress.csproj", "{2F35FBB7-9960-4A65-9E9A-71E6426B0471}"
EndProject
Global
	GlobalSection(SolutionConfigurationPlatforms) = preSolution
		Debug|Any CPU = Debug|Any CPU
		Release|Any CPU = Release|Any CPU
	EndGlobalSection
	GlobalSection(ProjectConfigurationPlatforms) = postSolution
		{2F35FBB7-9960-4A65-9E9A-71E6426B0471}.Debug|Any CPU.ActiveCfg = Debug|Any CPU
		{2F35FBB7-9960-4A65-9E9A-71E6426B0471}.Debug|Any CPU.Build.0 = Debug|Any CPU
		{2F35FBB7-9960-4A65-9E9A-71E6426B0471}.Release|Any CPU.ActiveCfg = Release|Any CPU
		{2F35FBB7-9960-4A65-9E9A-71E6426B0471}.Release|Any CPU.Build.0 = Release|Any CPU
	EndGlobalSection
	GlobalSection(SolutionProperties) = preSolution
		HideSolutionNode = FALSE
	EndGlobalSection
EndGlobal
